
Microsoft Visual Studio Solution File, Format Version 11.00
# Visual Studio 2010
Project("{FAE04EC0-301F-11D3-BF4B-00C04F79EFBC}") = "webcsm", "webcsm\webcsm.csproj", "{37F1B0F3-A3BC-4A71-8A71-6F1D8803F5DC}"
EndProject
Global
	GlobalSection(SolutionConfigurationPlatforms) = preSolution
		Debug|Any CPU = Debug|Any CPU
		Release|Any CPU = Release|Any CPU
	EndGlobalSection
	GlobalSection(ProjectConfigurationPlatforms) = postSolution
		{37F1B0F3-A3BC-4A71-8A71-6F1D8803F5DC}.Debug|Any CPU.ActiveCfg = Debug|Any CPU
		{37F1B0F3-A3BC-4A71-8A71-6F1D8803F5DC}.Debug|Any CPU.Build.0 = Debug|Any CPU
		{37F1B0F3-A3BC-4A71-8A71-6F1D8803F5DC}.Release|Any CPU.ActiveCfg = Release|Any CPU
		{37F1B0F3-A3BC-4A71-8A71-6F1D8803F5DC}.Release|Any CPU.Build.0 = Release|Any CPU
	EndGlobalSection
	GlobalSection(SolutionProperties) = preSolution
		HideSolutionNode = FALSE
	EndGlobalSection
EndGlobal
